
Microsoft Visual Studio Solution File, Format Version 12.00
# Visual Studio Version 17
VisualStudioVersion = 17.6.33723.286
MinimumVisualStudioVersion = 10.0.40219.1
Project("{9A19103F-16F7-4668-BE54-9A1E7A4F7556}") = "PlayerDb.Models", "PlayerDb.Models\PlayerDb.Models.csproj", "{A99D30DC-6649-4DD2-AF7D-B318EA60D541}"
EndProject
Project("{00D1A9C2-B5F0-4AF3-8072-F6C62B433612}") = "SaintsPlayersDb", "SaintsPlayersDb\SaintsPlayersDb.sqlproj", "{117733CB-FBE6-4DA7-A3E4-A696AD26AE95}"
EndProject
Project("{9A19103F-16F7-4668-BE54-9A1E7A4F7556}") = "DataAccess", "DataAccess\DataAccess.csproj", "{9D190BA2-5CCB-4CD9-831B-DB84F39D4CC4}"
EndProject
Project("{9A19103F-16F7-4668-BE54-9A1E7A4F7556}") = "SaintsPlayerDbSite", "SaintsPlayerDbSite\SaintsPlayerDbSite.csproj", "{167313E2-9A2C-4AA5-A7FE-42C337BAE8AE}"
EndProject
Global
	GlobalSection(SolutionConfigurationPlatforms) = preSolution
		Debug|Any CPU = Debug|Any CPU
		Release|Any CPU = Release|Any CPU
	EndGlobalSection
	GlobalSection(ProjectConfigurationPlatforms) = postSolution
		{A99D30DC-6649-4DD2-AF7D-B318EA60D541}.Debug|Any CPU.ActiveCfg = Debug|Any CPU
		{A99D30DC-6649-4DD2-AF7D-B318EA60D541}.Debug|Any CPU.Build.0 = Debug|Any CPU
		{A99D30DC-6649-4DD2-AF7D-B318EA60D541}.Release|Any CPU.ActiveCfg = Release|Any CPU
		{A99D30DC-6649-4DD2-AF7D-B318EA60D541}.Release|Any CPU.Build.0 = Release|Any CPU
		{117733CB-FBE6-4DA7-A3E4-A696AD26AE95}.Debug|Any CPU.ActiveCfg = Debug|Any CPU
		{117733CB-FBE6-4DA7-A3E4-A696AD26AE95}.Debug|Any CPU.Build.0 = Debug|Any CPU
		{117733CB-FBE6-4DA7-A3E4-A696AD26AE95}.Debug|Any CPU.Deploy.0 = Debug|Any CPU
		{117733CB-FBE6-4DA7-A3E4-A696AD26AE95}.Release|Any CPU.ActiveCfg = Release|Any CPU
		{117733CB-FBE6-4DA7-A3E4-A696AD26AE95}.Release|Any CPU.Build.0 = Release|Any CPU
		{117733CB-FBE6-4DA7-A3E4-A696AD26AE95}.Release|Any CPU.Deploy.0 = Release|Any CPU
		{9D190BA2-5CCB-4CD9-831B-DB84F39D4CC4}.Debug|Any CPU.ActiveCfg = Debug|Any CPU
		{9D190BA2-5CCB-4CD9-831B-DB84F39D4CC4}.Debug|Any CPU.Build.0 = Debug|Any CPU
		{9D190BA2-5CCB-4CD9-831B-DB84F39D4CC4}.Release|Any CPU.ActiveCfg = Release|Any CPU
		{9D190BA2-5CCB-4CD9-831B-DB84F39D4CC4}.Release|Any CPU.Build.0 = Release|Any CPU
		{167313E2-9A2C-4AA5-A7FE-42C337BAE8AE}.Debug|Any CPU.ActiveCfg = Debug|Any CPU
		{167313E2-9A2C-4AA5-A7FE-42C337BAE8AE}.Debug|Any CPU.Build.0 = Debug|Any CPU
		{167313E2-9A2C-4AA5-A7FE-42C337BAE8AE}.Release|Any CPU.ActiveCfg = Release|Any CPU
		{167313E2-9A2C-4AA5-A7FE-42C337BAE8AE}.Release|Any CPU.Build.0 = Release|Any CPU
	EndGlobalSection
	GlobalSection(SolutionProperties) = preSolution
		HideSolutionNode = FALSE
	EndGlobalSection
	GlobalSection(ExtensibilityGlobals) = postSolution
		SolutionGuid = {47D29213-3D2A-47B2-96C9-0BF9BD79C2BB}
	EndGlobalSection
EndGlobal
